// !$*UTF8*$!
{
   archiveVersion = "1";
   objectVersion = "46";
   objects = {
      "Commander::Commander" = {
         isa = "PBXNativeTarget";
         buildConfigurationList = "OBJ_197";
         buildPhases = (
            "OBJ_200",
            "OBJ_210"
         );
         dependencies = (
         );
         name = "Commander";
         productName = "Commander";
         productReference = "Commander::Commander::Product";
         productType = "com.apple.product-type.framework";
      };
      "Commander::Commander::Product" = {
         isa = "PBXFileReference";
         path = "Commander.framework";
         sourceTree = "BUILT_PRODUCTS_DIR";
      };
      "Commander::SwiftPMPackageDescription" = {
         isa = "PBXNativeTarget";
         buildConfigurationList = "OBJ_212";
         buildPhases = (
            "OBJ_215"
         );
         dependencies = (
         );
         name = "CommanderPackageDescription";
         productName = "CommanderPackageDescription";
         productType = "com.apple.product-type.framework";
      };
      "OBJ_1" = {
         isa = "PBXProject";
         attributes = {
            LastUpgradeCheck = "9999";
         };
         buildConfigurationList = "OBJ_2";
         compatibilityVersion = "Xcode 3.2";
         developmentRegion = "English";
         hasScannedForEncodings = "0";
         knownRegions = (
            "en"
         );
         mainGroup = "OBJ_5";
         productRefGroup = "OBJ_188";
         projectDirPath = ".";
         targets = (
            "Commander::Commander",
            "Commander::SwiftPMPackageDescription",
            "PathKit::PathKit",
            "PathKit::SwiftPMPackageDescription",
            "Stencil::Stencil",
            "Stencil::SwiftPMPackageDescription",
            "StencilSwiftKit::StencilSwiftKit",
            "StencilSwiftKit::SwiftPMPackageDescription",
            "StoryboardModel::StoryboardModel",
            "StoryboardModel::SwiftPMPackageDescription",
            "XMLParsing::XMLParsing",
            "XMLParsing::SwiftPMPackageDescription",
            "storyboard2code::storyboard2code",
            "storyboard2code::SwiftPMPackageDescription"
         );
      };
      "OBJ_10" = {
         isa = "PBXFileReference";
         path = "SwiftCodeExtension.swift";
         sourceTree = "<group>";
      };
      "OBJ_100" = {
         isa = "PBXFileReference";
         path = "StackView.swift";
         sourceTree = "<group>";
      };
      "OBJ_101" = {
         isa = "PBXFileReference";
         path = "Stepper.swift";
         sourceTree = "<group>";
      };
      "OBJ_102" = {
         isa = "PBXFileReference";
         path = "Switch.swift";
         sourceTree = "<group>";
      };
      "OBJ_103" = {
         isa = "PBXFileReference";
         path = "TabBar.swift";
         sourceTree = "<group>";
      };
      "OBJ_104" = {
         isa = "PBXFileReference";
         path = "TableView.swift";
         sourceTree = "<group>";
      };
      "OBJ_105" = {
         isa = "PBXFileReference";
         path = "TableViewCell.swift";
         sourceTree = "<group>";
      };
      "OBJ_106" = {
         isa = "PBXFileReference";
         path = "TableViewCellContentView.swift";
         sourceTree = "<group>";
      };
      "OBJ_107" = {
         isa = "PBXFileReference";
         path = "TableViewSection.swift";
         sourceTree = "<group>";
      };
      "OBJ_108" = {
         isa = "PBXFileReference";
         path = "TextField.swift";
         sourceTree = "<group>";
      };
      "OBJ_109" = {
         isa = "PBXFileReference";
         path = "TextView.swift";
         sourceTree = "<group>";
      };
      "OBJ_11" = {
         isa = "PBXFileReference";
         path = "SwiftCodeGenerator.swift";
         sourceTree = "<group>";
      };
      "OBJ_110" = {
         isa = "PBXFileReference";
         path = "Toolbar.swift";
         sourceTree = "<group>";
      };
      "OBJ_111" = {
         isa = "PBXFileReference";
         path = "View.swift";
         sourceTree = "<group>";
      };
      "OBJ_112" = {
         isa = "PBXFileReference";
         path = "VisualEffectView.swift";
         sourceTree = "<group>";
      };
      "OBJ_113" = {
         isa = "PBXFileReference";
         path = "WkWebView.swift";
         sourceTree = "<group>";
      };
      "OBJ_114" = {
         isa = "PBXFileReference";
         path = "ViewController.swift";
         sourceTree = "<group>";
      };
      "OBJ_115" = {
         isa = "PBXFileReference";
         path = "ViewControllerPlaceholder.swift";
         sourceTree = "<group>";
      };
      "OBJ_116" = {
         isa = "PBXGroup";
         children = (
            "OBJ_117"
         );
         name = "Gesture";
         path = "Gesture";
         sourceTree = "<group>";
      };
      "OBJ_117" = {
         isa = "PBXFileReference";
         path = "TapGestureRecognizer.swift";
         sourceTree = "<group>";
      };
      "OBJ_118" = {
         isa = "PBXFileReference";
         path = "Scene.swift";
         sourceTree = "<group>";
      };
      "OBJ_119" = {
         isa = "PBXFileReference";
         explicitFileType = "sourcecode.swift";
         name = "Package.swift";
         path = "/Users/t/.ghq/github.com/watanabetoshinori/storyboard2code/.build/checkouts/StoryboardModel.git-1910977593917574425/Package.swift";
         sourceTree = "<group>";
      };
      "OBJ_12" = {
         isa = "PBXFileReference";
         path = "SwiftCodeTemplate.swift";
         sourceTree = "<group>";
      };
      "OBJ_120" = {
         isa = "PBXGroup";
         children = (
            "OBJ_121",
            "OBJ_133"
         );
         name = "StencilSwiftKit 2.7.1";
         path = "";
         sourceTree = "SOURCE_ROOT";
      };
      "OBJ_121" = {
         isa = "PBXGroup";
         children = (
            "OBJ_122",
            "OBJ_123",
            "OBJ_124",
            "OBJ_125",
            "OBJ_126",
            "OBJ_127",
            "OBJ_128",
            "OBJ_129",
            "OBJ_130",
            "OBJ_131",
            "OBJ_132"
         );
         name = "StencilSwiftKit";
         path = ".build/checkouts/StencilSwiftKit.git--3646031715721605064/Sources/StencilSwiftKit";
         sourceTree = "SOURCE_ROOT";
      };
      "OBJ_122" = {
         isa = "PBXFileReference";
         path = "CallMacroNodes.swift";
         sourceTree = "<group>";
      };
      "OBJ_123" = {
         isa = "PBXFileReference";
         path = "Context.swift";
         sourceTree = "<group>";
      };
      "OBJ_124" = {
         isa = "PBXFileReference";
         path = "Environment.swift";
         sourceTree = "<group>";
      };
      "OBJ_125" = {
         isa = "PBXFileReference";
         path = "Filters+Numbers.swift";
         sourceTree = "<group>";
      };
      "OBJ_126" = {
         isa = "PBXFileReference";
         path = "Filters+Strings.swift";
         sourceTree = "<group>";
      };
      "OBJ_127" = {
         isa = "PBXFileReference";
         path = "Filters.swift";
         sourceTree = "<group>";
      };
      "OBJ_128" = {
         isa = "PBXFileReference";
         path = "MapNode.swift";
         sourceTree = "<group>";
      };
      "OBJ_129" = {
         isa = "PBXFileReference";
         path = "Parameters.swift";
         sourceTree = "<group>";
      };
      "OBJ_13" = {
         isa = "PBXFileReference";
         path = "SwiftFrameworkVisitor.swift";
         sourceTree = "<group>";
      };
      "OBJ_130" = {
         isa = "PBXFileReference";
         path = "SetNode.swift";
         sourceTree = "<group>";
      };
      "OBJ_131" = {
         isa = "PBXFileReference";
         path = "StencilSwiftTemplate.swift";
         sourceTree = "<group>";
      };
      "OBJ_132" = {
         isa = "PBXFileReference";
         path = "SwiftIdentifier.swift";
         sourceTree = "<group>";
      };
      "OBJ_133" = {
         isa = "PBXFileReference";
         explicitFileType = "sourcecode.swift";
         name = "Package.swift";
         path = "/Users/t/.ghq/github.com/watanabetoshinori/storyboard2code/.build/checkouts/StencilSwiftKit.git--3646031715721605064/Package.swift";
         sourceTree = "<group>";
      };
      "OBJ_134" = {
         isa = "PBXGroup";
         children = (
            "OBJ_135",
            "OBJ_136",
            "OBJ_137",
            "OBJ_138",
            "OBJ_139",
            "OBJ_140",
            "OBJ_141",
            "OBJ_142",
            "OBJ_143",
            "OBJ_144",
            "OBJ_145",
            "OBJ_146",
            "OBJ_147",
            "OBJ_148",
            "OBJ_149",
            "OBJ_150",
            "OBJ_151",
            "OBJ_152",
            "OBJ_153",
            "OBJ_154",
            "OBJ_155"
         );
         name = "Stencil 0.13.1";
         path = ".build/checkouts/Stencil.git-5671163403482602010/Sources";
         sourceTree = "SOURCE_ROOT";
      };
      "OBJ_135" = {
         isa = "PBXFileReference";
         explicitFileType = "sourcecode.swift";
         name = "Package.swift";
         path = "/Users/t/.ghq/github.com/watanabetoshinori/storyboard2code/.build/checkouts/Stencil.git-5671163403482602010/Package.swift";
         sourceTree = "<group>";
      };
      "OBJ_136" = {
         isa = "PBXFileReference";
         path = "Context.swift";
         sourceTree = "<group>";
      };
      "OBJ_137" = {
         isa = "PBXFileReference";
         path = "Environment.swift";
         sourceTree = "<group>";
      };
      "OBJ_138" = {
         isa = "PBXFileReference";
         path = "Errors.swift";
         sourceTree = "<group>";
      };
      "OBJ_139" = {
         isa = "PBXFileReference";
         path = "Expression.swift";
         sourceTree = "<group>";
      };
      "OBJ_14" = {
         isa = "PBXFileReference";
         path = "SwiftInstanceNameTable.swift";
         sourceTree = "<group>";
      };
      "OBJ_140" = {
         isa = "PBXFileReference";
         path = "Extension.swift";
         sourceTree = "<group>";
      };
      "OBJ_141" = {
         isa = "PBXFileReference";
         path = "FilterTag.swift";
         sourceTree = "<group>";
      };
      "OBJ_142" = {
         isa = "PBXFileReference";
         path = "Filters.swift";
         sourceTree = "<group>";
      };
      "OBJ_143" = {
         isa = "PBXFileReference";
         path = "ForTag.swift";
         sourceTree = "<group>";
      };
      "OBJ_144" = {
         isa = "PBXFileReference";
         path = "IfTag.swift";
         sourceTree = "<group>";
      };
      "OBJ_145" = {
         isa = "PBXFileReference";
         path = "Include.swift";
         sourceTree = "<group>";
      };
      "OBJ_146" = {
         isa = "PBXFileReference";
         path = "Inheritence.swift";
         sourceTree = "<group>";
      };
      "OBJ_147" = {
         isa = "PBXFileReference";
         path = "KeyPath.swift";
         sourceTree = "<group>";
      };
      "OBJ_148" = {
         isa = "PBXFileReference";
         path = "Lexer.swift";
         sourceTree = "<group>";
      };
      "OBJ_149" = {
         isa = "PBXFileReference";
         path = "Loader.swift";
         sourceTree = "<group>";
      };
      "OBJ_15" = {
         isa = "PBXGroup";
         children = (
            "OBJ_16",
            "OBJ_17",
            "OBJ_18"
         );
         name = "Utility";
         path = "Utility";
         sourceTree = "<group>";
      };
      "OBJ_150" = {
         isa = "PBXFileReference";
         path = "Node.swift";
         sourceTree = "<group>";
      };
      "OBJ_151" = {
         isa = "PBXFileReference";
         path = "NowTag.swift";
         sourceTree = "<group>";
      };
      "OBJ_152" = {
         isa = "PBXFileReference";
         path = "Parser.swift";
         sourceTree = "<group>";
      };
      "OBJ_153" = {
         isa = "PBXFileReference";
         path = "Template.swift";
         sourceTree = "<group>";
      };
      "OBJ_154" = {
         isa = "PBXFileReference";
         path = "Tokenizer.swift";
         sourceTree = "<group>";
      };
      "OBJ_155" = {
         isa = "PBXFileReference";
         path = "Variable.swift";
         sourceTree = "<group>";
      };
      "OBJ_156" = {
         isa = "PBXGroup";
         children = (
            "OBJ_157",
            "OBJ_158"
         );
         name = "PathKit 0.9.2";
         path = ".build/checkouts/PathKit.git--1762947487513719606/Sources";
         sourceTree = "SOURCE_ROOT";
      };
      "OBJ_157" = {
         isa = "PBXFileReference";
         explicitFileType = "sourcecode.swift";
         name = "Package.swift";
         path = "/Users/t/.ghq/github.com/watanabetoshinori/storyboard2code/.build/checkouts/PathKit.git--1762947487513719606/Package.swift";
         sourceTree = "<group>";
      };
      "OBJ_158" = {
         isa = "PBXFileReference";
         path = "PathKit.swift";
         sourceTree = "<group>";
      };
      "OBJ_159" = {
         isa = "PBXGroup";
         children = (
            "OBJ_160",
            "OBJ_175"
         );
         name = "XMLParsing 0.0.4";
         path = "";
         sourceTree = "SOURCE_ROOT";
      };
      "OBJ_16" = {
         isa = "PBXFileReference";
         path = "Output.swift";
         sourceTree = "<group>";
      };
      "OBJ_160" = {
         isa = "PBXGroup";
         children = (
            "OBJ_161",
            "OBJ_167",
            "OBJ_172",
            "OBJ_173",
            "OBJ_174"
         );
         name = "XMLParsing";
         path = ".build/checkouts/XMLParsing.git--2879579678726775152/Sources/XMLParsing";
         sourceTree = "SOURCE_ROOT";
      };
      "OBJ_161" = {
         isa = "PBXGroup";
         children = (
            "OBJ_162",
            "OBJ_163",
            "OBJ_164",
            "OBJ_165",
            "OBJ_166"
         );
         name = "Decoder";
         path = "Decoder";
         sourceTree = "<group>";
      };
      "OBJ_162" = {
         isa = "PBXFileReference";
         path = "DecodingErrorExtension.swift";
         sourceTree = "<group>";
      };
      "OBJ_163" = {
         isa = "PBXFileReference";
         path = "XMLDecoder.swift";
         sourceTree = "<group>";
      };
      "OBJ_164" = {
         isa = "PBXFileReference";
         path = "XMLDecodingStorage.swift";
         sourceTree = "<group>";
      };
      "OBJ_165" = {
         isa = "PBXFileReference";
         path = "XMLKeyedDecodingContainer.swift";
         sourceTree = "<group>";
      };
      "OBJ_166" = {
         isa = "PBXFileReference";
         path = "XMLUnkeyedDecodingContainer.swift";
         sourceTree = "<group>";
      };
      "OBJ_167" = {
         isa = "PBXGroup";
         children = (
            "OBJ_168",
            "OBJ_169",
            "OBJ_170",
            "OBJ_171"
         );
         name = "Encoder";
         path = "Encoder";
         sourceTree = "<group>";
      };
      "OBJ_168" = {
         isa = "PBXFileReference";
         path = "EncodingErrorExtension.swift";
         sourceTree = "<group>";
      };
      "OBJ_169" = {
         isa = "PBXFileReference";
         path = "XMLEncoder.swift";
         sourceTree = "<group>";
      };
      "OBJ_17" = {
         isa = "PBXFileReference";
         path = "Storyboard2CodeError.swift";
         sourceTree = "<group>";
      };
      "OBJ_170" = {
         isa = "PBXFileReference";
         path = "XMLEncodingStorage.swift";
         sourceTree = "<group>";
      };
      "OBJ_171" = {
         isa = "PBXFileReference";
         path = "XMLReferencingEncoder.swift";
         sourceTree = "<group>";
      };
      "OBJ_172" = {
         isa = "PBXFileReference";
         path = "ISO8601DateFormatter.swift";
         sourceTree = "<group>";
      };
      "OBJ_173" = {
         isa = "PBXFileReference";
         path = "XMLKey.swift";
         sourceTree = "<group>";
      };
      "OBJ_174" = {
         isa = "PBXFileReference";
         path = "XMLStackParser.swift";
         sourceTree = "<group>";
      };
      "OBJ_175" = {
         isa = "PBXFileReference";
         explicitFileType = "sourcecode.swift";
         name = "Package.swift";
         path = "/Users/t/.ghq/github.com/watanabetoshinori/storyboard2code/.build/checkouts/XMLParsing.git--2879579678726775152/Package.swift";
         sourceTree = "<group>";
      };
      "OBJ_176" = {
         isa = "PBXGroup";
         children = (
            "OBJ_177",
            "OBJ_187"
         );
         name = "Commander 0.8.0";
         path = "";
         sourceTree = "SOURCE_ROOT";
      };
      "OBJ_177" = {
         isa = "PBXGroup";
         children = (
            "OBJ_178",
            "OBJ_179",
            "OBJ_180",
            "OBJ_181",
            "OBJ_182",
            "OBJ_183",
            "OBJ_184",
            "OBJ_185",
            "OBJ_186"
         );
         name = "Commander";
         path = ".build/checkouts/Commander.git-1340815170636069034/Sources/Commander";
         sourceTree = "SOURCE_ROOT";
      };
      "OBJ_178" = {
         isa = "PBXFileReference";
         path = "ArgumentConvertible.swift";
         sourceTree = "<group>";
      };
      "OBJ_179" = {
         isa = "PBXFileReference";
         path = "ArgumentDescription.swift";
         sourceTree = "<group>";
      };
      "OBJ_18" = {
         isa = "PBXFileReference";
         path = "String+Color.swift";
         sourceTree = "<group>";
      };
      "OBJ_180" = {
         isa = "PBXFileReference";
         path = "ArgumentParser.swift";
         sourceTree = "<group>";
      };
      "OBJ_181" = {
         isa = "PBXFileReference";
         path = "Command.swift";
         sourceTree = "<group>";
      };
      "OBJ_182" = {
         isa = "PBXFileReference";
         path = "CommandRunner.swift";
         sourceTree = "<group>";
      };
      "OBJ_183" = {
         isa = "PBXFileReference";
         path = "CommandType.swift";
         sourceTree = "<group>";
      };
      "OBJ_184" = {
         isa = "PBXFileReference";
         path = "Commands.swift";
         sourceTree = "<group>";
      };
      "OBJ_185" = {
         isa = "PBXFileReference";
         path = "Error.swift";
         sourceTree = "<group>";
      };
      "OBJ_186" = {
         isa = "PBXFileReference";
         path = "Group.swift";
         sourceTree = "<group>";
      };
      "OBJ_187" = {
         isa = "PBXFileReference";
         explicitFileType = "sourcecode.swift";
         name = "Package.swift";
         path = "/Users/t/.ghq/github.com/watanabetoshinori/storyboard2code/.build/checkouts/Commander.git-1340815170636069034/Package.swift";
         sourceTree = "<group>";
      };
      "OBJ_188" = {
         isa = "PBXGroup";
         children = (
            "storyboard2code::storyboard2code::Product",
            "PathKit::PathKit::Product",
            "StoryboardModel::StoryboardModel::Product",
            "Stencil::Stencil::Product",
            "XMLParsing::XMLParsing::Product",
            "StencilSwiftKit::StencilSwiftKit::Product",
            "Commander::Commander::Product"
         );
         name = "Products";
         path = "";
         sourceTree = "BUILT_PRODUCTS_DIR";
      };
      "OBJ_19" = {
         isa = "PBXFileReference";
         path = "main.swift";
         sourceTree = "<group>";
      };
      "OBJ_197" = {
         isa = "XCConfigurationList";
         buildConfigurations = (
            "OBJ_198",
            "OBJ_199"
         );
         defaultConfigurationIsVisible = "0";
         defaultConfigurationName = "Release";
      };
      "OBJ_198" = {
         isa = "XCBuildConfiguration";
         buildSettings = {
            ENABLE_TESTABILITY = "YES";
            FRAMEWORK_SEARCH_PATHS = (
               "$(inherited)",
               "$(PLATFORM_DIR)/Developer/Library/Frameworks"
            );
            HEADER_SEARCH_PATHS = (
               "$(inherited)"
            );
            INFOPLIST_FILE = "storyboard2code.xcodeproj/Commander_Info.plist";
            LD_RUNPATH_SEARCH_PATHS = (
               "$(inherited)",
               "$(TOOLCHAIN_DIR)/usr/lib/swift/macosx"
            );
            OTHER_CFLAGS = (
               "$(inherited)"
            );
            OTHER_LDFLAGS = (
               "$(inherited)"
            );
            OTHER_SWIFT_FLAGS = (
               "$(inherited)"
            );
            PRODUCT_BUNDLE_IDENTIFIER = "Commander";
            PRODUCT_MODULE_NAME = "$(TARGET_NAME:c99extidentifier)";
            PRODUCT_NAME = "$(TARGET_NAME:c99extidentifier)";
            SKIP_INSTALL = "YES";
            SWIFT_ACTIVE_COMPILATION_CONDITIONS = (
               "$(inherited)"
            );
            SWIFT_VERSION = "4.0";
            TARGET_NAME = "Commander";
         };
         name = "Debug";
      };
      "OBJ_199" = {
         isa = "XCBuildConfiguration";
         buildSettings = {
            ENABLE_TESTABILITY = "YES";
            FRAMEWORK_SEARCH_PATHS = (
               "$(inherited)",
               "$(PLATFORM_DIR)/Developer/Library/Frameworks"
            );
            HEADER_SEARCH_PATHS = (
               "$(inherited)"
            );
            INFOPLIST_FILE = "storyboard2code.xcodeproj/Commander_Info.plist";
            LD_RUNPATH_SEARCH_PATHS = (
               "$(inherited)",
               "$(TOOLCHAIN_DIR)/usr/lib/swift/macosx"
            );
            OTHER_CFLAGS = (
               "$(inherited)"
            );
            OTHER_LDFLAGS = (
               "$(inherited)"
            );
            OTHER_SWIFT_FLAGS = (
               "$(inherited)"
            );
            PRODUCT_BUNDLE_IDENTIFIER = "Commander";
            PRODUCT_MODULE_NAME = "$(TARGET_NAME:c99extidentifier)";
            PRODUCT_NAME = "$(TARGET_NAME:c99extidentifier)";
            SKIP_INSTALL = "YES";
            SWIFT_ACTIVE_COMPILATION_CONDITIONS = (
               "$(inherited)"
            );
            SWIFT_VERSION = "4.0";
            TARGET_NAME = "Commander";
         };
         name = "Release";
      };
      "OBJ_2" = {
         isa = "XCConfigurationList";
         buildConfigurations = (
            "OBJ_3",
            "OBJ_4"
         );
         defaultConfigurationIsVisible = "0";
         defaultConfigurationName = "Release";
      };
      "OBJ_20" = {
         isa = "PBXGroup";
         children = (
         );
         name = "Tests";
         path = "";
         sourceTree = "SOURCE_ROOT";
      };
      "OBJ_200" = {
         isa = "PBXSourcesBuildPhase";
         files = (
            "OBJ_201",
            "OBJ_202",
            "OBJ_203",
            "OBJ_204",
            "OBJ_205",
            "OBJ_206",
            "OBJ_207",
            "OBJ_208",
            "OBJ_209"
         );
      };
      "OBJ_201" = {
         isa = "PBXBuildFile";
         fileRef = "OBJ_178";
      };
      "OBJ_202" = {
         isa = "PBXBuildFile";
         fileRef = "OBJ_179";
      };
      "OBJ_203" = {
         isa = "PBXBuildFile";
         fileRef = "OBJ_180";
      };
      "OBJ_204" = {
         isa = "PBXBuildFile";
         fileRef = "OBJ_181";
      };
      "OBJ_205" = {
         isa = "PBXBuildFile";
         fileRef = "OBJ_182";
      };
      "OBJ_206" = {
         isa = "PBXBuildFile";
         fileRef = "OBJ_183";
      };
      "OBJ_207" = {
         isa = "PBXBuildFile";
         fileRef = "OBJ_184";
      };
      "OBJ_208" = {
         isa = "PBXBuildFile";
         fileRef = "OBJ_185";
      };
      "OBJ_209" = {
         isa = "PBXBuildFile";
         fileRef = "OBJ_186";
      };
      "OBJ_21" = {
         isa = "PBXFileReference";
         path = "Preview";
         sourceTree = "SOURCE_ROOT";
      };
      "OBJ_210" = {
         isa = "PBXFrameworksBuildPhase";
         files = (
         );
      };
      "OBJ_212" = {
         isa = "XCConfigurationList";
         buildConfigurations = (
            "OBJ_213",
            "OBJ_214"
         );
         defaultConfigurationIsVisible = "0";
         defaultConfigurationName = "Release";
      };
      "OBJ_213" = {
         isa = "XCBuildConfiguration";
         buildSettings = {
            LD = "/usr/bin/true";
            OTHER_SWIFT_FLAGS = (
               "-swift-version",
               "4",
               "-I",
               "$(TOOLCHAIN_DIR)/usr/lib/swift/pm/4",
               "-target",
               "x86_64-apple-macosx10.10",
               "-sdk",
               "/Applications/Xcode.app/Contents/Developer/Platforms/MacOSX.platform/Developer/SDKs/MacOSX10.14.sdk"
            );
            SWIFT_VERSION = "4.0";
         };
         name = "Debug";
      };
      "OBJ_214" = {
         isa = "XCBuildConfiguration";
         buildSettings = {
            LD = "/usr/bin/true";
            OTHER_SWIFT_FLAGS = (
               "-swift-version",
               "4",
               "-I",
               "$(TOOLCHAIN_DIR)/usr/lib/swift/pm/4",
               "-target",
               "x86_64-apple-macosx10.10",
               "-sdk",
               "/Applications/Xcode.app/Contents/Developer/Platforms/MacOSX.platform/Developer/SDKs/MacOSX10.14.sdk"
            );
            SWIFT_VERSION = "4.0";
         };
         name = "Release";
      };
      "OBJ_215" = {
         isa = "PBXSourcesBuildPhase";
         files = (
            "OBJ_216"
         );
      };
      "OBJ_216" = {
         isa = "PBXBuildFile";
         fileRef = "OBJ_187";
      };
      "OBJ_218" = {
         isa = "XCConfigurationList";
         buildConfigurations = (
            "OBJ_219",
            "OBJ_220"
         );
         defaultConfigurationIsVisible = "0";
         defaultConfigurationName = "Release";
      };
      "OBJ_219" = {
         isa = "XCBuildConfiguration";
         buildSettings = {
            ENABLE_TESTABILITY = "YES";
            FRAMEWORK_SEARCH_PATHS = (
               "$(inherited)",
               "$(PLATFORM_DIR)/Developer/Library/Frameworks"
            );
            HEADER_SEARCH_PATHS = (
               "$(inherited)"
            );
            INFOPLIST_FILE = "storyboard2code.xcodeproj/PathKit_Info.plist";
            LD_RUNPATH_SEARCH_PATHS = (
               "$(inherited)",
               "$(TOOLCHAIN_DIR)/usr/lib/swift/macosx"
            );
            OTHER_CFLAGS = (
               "$(inherited)"
            );
            OTHER_LDFLAGS = (
               "$(inherited)"
            );
            OTHER_SWIFT_FLAGS = (
               "$(inherited)"
            );
            PRODUCT_BUNDLE_IDENTIFIER = "PathKit";
            PRODUCT_MODULE_NAME = "$(TARGET_NAME:c99extidentifier)";
            PRODUCT_NAME = "$(TARGET_NAME:c99extidentifier)";
            SKIP_INSTALL = "YES";
            SWIFT_ACTIVE_COMPILATION_CONDITIONS = (
               "$(inherited)"
            );
            SWIFT_VERSION = "4.2";
            TARGET_NAME = "PathKit";
         };
         name = "Debug";
      };
      "OBJ_22" = {
         isa = "PBXGroup";
         children = (
            "OBJ_23",
            "OBJ_120",
            "OBJ_134",
            "OBJ_156",
            "OBJ_159",
            "OBJ_176"
         );
         name = "Dependencies";
         path = "";
         sourceTree = "<group>";
      };
      "OBJ_220" = {
         isa = "XCBuildConfiguration";
         buildSettings = {
            ENABLE_TESTABILITY = "YES";
            FRAMEWORK_SEARCH_PATHS = (
               "$(inherited)",
               "$(PLATFORM_DIR)/Developer/Library/Frameworks"
            );
            HEADER_SEARCH_PATHS = (
               "$(inherited)"
            );
            INFOPLIST_FILE = "storyboard2code.xcodeproj/PathKit_Info.plist";
            LD_RUNPATH_SEARCH_PATHS = (
               "$(inherited)",
               "$(TOOLCHAIN_DIR)/usr/lib/swift/macosx"
            );
            OTHER_CFLAGS = (
               "$(inherited)"
            );
            OTHER_LDFLAGS = (
               "$(inherited)"
            );
            OTHER_SWIFT_FLAGS = (
               "$(inherited)"
            );
            PRODUCT_BUNDLE_IDENTIFIER = "PathKit";
            PRODUCT_MODULE_NAME = "$(TARGET_NAME:c99extidentifier)";
            PRODUCT_NAME = "$(TARGET_NAME:c99extidentifier)";
            SKIP_INSTALL = "YES";
            SWIFT_ACTIVE_COMPILATION_CONDITIONS = (
               "$(inherited)"
            );
            SWIFT_VERSION = "4.2";
            TARGET_NAME = "PathKit";
         };
         name = "Release";
      };
      "OBJ_221" = {
         isa = "PBXSourcesBuildPhase";
         files = (
            "OBJ_222"
         );
      };
      "OBJ_222" = {
         isa = "PBXBuildFile";
         fileRef = "OBJ_158";
      };
      "OBJ_223" = {
         isa = "PBXFrameworksBuildPhase";
         files = (
         );
      };
      "OBJ_225" = {
         isa = "XCConfigurationList";
         buildConfigurations = (
            "OBJ_226",
            "OBJ_227"
         );
         defaultConfigurationIsVisible = "0";
         defaultConfigurationName = "Release";
      };
      "OBJ_226" = {
         isa = "XCBuildConfiguration";
         buildSettings = {
            LD = "/usr/bin/true";
            OTHER_SWIFT_FLAGS = (
               "-swift-version",
               "4.2",
               "-I",
               "$(TOOLCHAIN_DIR)/usr/lib/swift/pm/4_2",
               "-target",
               "x86_64-apple-macosx10.10",
               "-sdk",
               "/Applications/Xcode.app/Contents/Developer/Platforms/MacOSX.platform/Developer/SDKs/MacOSX10.14.sdk"
            );
            SWIFT_VERSION = "4.2";
         };
         name = "Debug";
      };
      "OBJ_227" = {
         isa = "XCBuildConfiguration";
         buildSettings = {
            LD = "/usr/bin/true";
            OTHER_SWIFT_FLAGS = (
               "-swift-version",
               "4.2",
               "-I",
               "$(TOOLCHAIN_DIR)/usr/lib/swift/pm/4_2",
               "-target",
               "x86_64-apple-macosx10.10",
               "-sdk",
               "/Applications/Xcode.app/Contents/Developer/Platforms/MacOSX.platform/Developer/SDKs/MacOSX10.14.sdk"
            );
            SWIFT_VERSION = "4.2";
         };
         name = "Release";
      };
      "OBJ_228" = {
         isa = "PBXSourcesBuildPhase";
         files = (
            "OBJ_229"
         );
      };
      "OBJ_229" = {
         isa = "PBXBuildFile";
         fileRef = "OBJ_157";
      };
      "OBJ_23" = {
         isa = "PBXGroup";
         children = (
            "OBJ_24",
            "OBJ_119"
         );
         name = "StoryboardModel 0.0.2";
         path = "";
         sourceTree = "SOURCE_ROOT";
      };
      "OBJ_231" = {
         isa = "XCConfigurationList";
         buildConfigurations = (
            "OBJ_232",
            "OBJ_233"
         );
         defaultConfigurationIsVisible = "0";
         defaultConfigurationName = "Release";
      };
      "OBJ_232" = {
         isa = "XCBuildConfiguration";
         buildSettings = {
            ENABLE_TESTABILITY = "YES";
            FRAMEWORK_SEARCH_PATHS = (
               "$(inherited)",
               "$(PLATFORM_DIR)/Developer/Library/Frameworks"
            );
            HEADER_SEARCH_PATHS = (
               "$(inherited)"
            );
            INFOPLIST_FILE = "storyboard2code.xcodeproj/Stencil_Info.plist";
            LD_RUNPATH_SEARCH_PATHS = (
               "$(inherited)",
               "$(TOOLCHAIN_DIR)/usr/lib/swift/macosx"
            );
            OTHER_CFLAGS = (
               "$(inherited)"
            );
            OTHER_LDFLAGS = (
               "$(inherited)"
            );
            OTHER_SWIFT_FLAGS = (
               "$(inherited)"
            );
            PRODUCT_BUNDLE_IDENTIFIER = "Stencil";
            PRODUCT_MODULE_NAME = "$(TARGET_NAME:c99extidentifier)";
            PRODUCT_NAME = "$(TARGET_NAME:c99extidentifier)";
            SKIP_INSTALL = "YES";
            SWIFT_ACTIVE_COMPILATION_CONDITIONS = (
               "$(inherited)"
            );
            SWIFT_VERSION = "4.2";
            TARGET_NAME = "Stencil";
         };
         name = "Debug";
      };
      "OBJ_233" = {
         isa = "XCBuildConfiguration";
         buildSettings = {
            ENABLE_TESTABILITY = "YES";
            FRAMEWORK_SEARCH_PATHS = (
               "$(inherited)",
               "$(PLATFORM_DIR)/Developer/Library/Frameworks"
            );
            HEADER_SEARCH_PATHS = (
               "$(inherited)"
            );
            INFOPLIST_FILE = "storyboard2code.xcodeproj/Stencil_Info.plist";
            LD_RUNPATH_SEARCH_PATHS = (
               "$(inherited)",
               "$(TOOLCHAIN_DIR)/usr/lib/swift/macosx"
            );
            OTHER_CFLAGS = (
               "$(inherited)"
            );
            OTHER_LDFLAGS = (
               "$(inherited)"
            );
            OTHER_SWIFT_FLAGS = (
               "$(inherited)"
            );
            PRODUCT_BUNDLE_IDENTIFIER = "Stencil";
            PRODUCT_MODULE_NAME = "$(TARGET_NAME:c99extidentifier)";
            PRODUCT_NAME = "$(TARGET_NAME:c99extidentifier)";
            SKIP_INSTALL = "YES";
            SWIFT_ACTIVE_COMPILATION_CONDITIONS = (
               "$(inherited)"
            );
            SWIFT_VERSION = "4.2";
            TARGET_NAME = "Stencil";
         };
         name = "Release";
      };
      "OBJ_234" = {
         isa = "PBXSourcesBuildPhase";
         files = (
            "OBJ_235",
            "OBJ_236",
            "OBJ_237",
            "OBJ_238",
            "OBJ_239",
            "OBJ_240",
            "OBJ_241",
            "OBJ_242",
            "OBJ_243",
            "OBJ_244",
            "OBJ_245",
            "OBJ_246",
            "OBJ_247",
            "OBJ_248",
            "OBJ_249",
            "OBJ_250",
            "OBJ_251",
            "OBJ_252",
            "OBJ_253",
            "OBJ_254"
         );
      };
      "OBJ_235" = {
         isa = "PBXBuildFile";
         fileRef = "OBJ_136";
      };
      "OBJ_236" = {
         isa = "PBXBuildFile";
         fileRef = "OBJ_137";
      };
      "OBJ_237" = {
         isa = "PBXBuildFile";
         fileRef = "OBJ_138";
      };
      "OBJ_238" = {
         isa = "PBXBuildFile";
         fileRef = "OBJ_139";
      };
      "OBJ_239" = {
         isa = "PBXBuildFile";
         fileRef = "OBJ_140";
      };
      "OBJ_24" = {
         isa = "PBXGroup";
         children = (
            "OBJ_25",
            "OBJ_26",
            "OBJ_28"
         );
         name = "StoryboardModel";
         path = ".build/checkouts/StoryboardModel.git-1910977593917574425/Sources/StoryboardModel";
         sourceTree = "SOURCE_ROOT";
      };
      "OBJ_240" = {
         isa = "PBXBuildFile";
         fileRef = "OBJ_141";
      };
      "OBJ_241" = {
         isa = "PBXBuildFile";
         fileRef = "OBJ_142";
      };
      "OBJ_242" = {
         isa = "PBXBuildFile";
         fileRef = "OBJ_143";
      };
      "OBJ_243" = {
         isa = "PBXBuildFile";
         fileRef = "OBJ_144";
      };
      "OBJ_244" = {
         isa = "PBXBuildFile";
         fileRef = "OBJ_145";
      };
      "OBJ_245" = {
         isa = "PBXBuildFile";
         fileRef = "OBJ_146";
      };
      "OBJ_246" = {
         isa = "PBXBuildFile";
         fileRef = "OBJ_147";
      };
      "OBJ_247" = {
         isa = "PBXBuildFile";
         fileRef = "OBJ_148";
      };
      "OBJ_248" = {
         isa = "PBXBuildFile";
         fileRef = "OBJ_149";
      };
      "OBJ_249" = {
         isa = "PBXBuildFile";
         fileRef = "OBJ_150";
      };
      "OBJ_25" = {
         isa = "PBXFileReference";
         path = "Document.swift";
         sourceTree = "<group>";
      };
      "OBJ_250" = {
         isa = "PBXBuildFile";
         fileRef = "OBJ_151";
      };
      "OBJ_251" = {
         isa = "PBXBuildFile";
         fileRef = "OBJ_152";
      };
      "OBJ_252" = {
         isa = "PBXBuildFile";
         fileRef = "OBJ_153";
      };
      "OBJ_253" = {
         isa = "PBXBuildFile";
         fileRef = "OBJ_154";
      };
      "OBJ_254" = {
         isa = "PBXBuildFile";
         fileRef = "OBJ_155";
      };
      "OBJ_255" = {
         isa = "PBXFrameworksBuildPhase";
         files = (
            "OBJ_256"
         );
      };
      "OBJ_256" = {
         isa = "PBXBuildFile";
         fileRef = "PathKit::PathKit::Product";
      };
      "OBJ_257" = {
         isa = "PBXTargetDependency";
         target = "PathKit::PathKit";
      };
      "OBJ_259" = {
         isa = "XCConfigurationList";
         buildConfigurations = (
            "OBJ_260",
            "OBJ_261"
         );
         defaultConfigurationIsVisible = "0";
         defaultConfigurationName = "Release";
      };
      "OBJ_26" = {
         isa = "PBXGroup";
         children = (
            "OBJ_27"
         );
         name = "Resources";
         path = "Resources";
         sourceTree = "<group>";
      };
      "OBJ_260" = {
         isa = "XCBuildConfiguration";
         buildSettings = {
            LD = "/usr/bin/true";
            OTHER_SWIFT_FLAGS = (
               "-swift-version",
               "4.2",
               "-I",
               "$(TOOLCHAIN_DIR)/usr/lib/swift/pm/4_2",
               "-target",
               "x86_64-apple-macosx10.10",
               "-sdk",
               "/Applications/Xcode.app/Contents/Developer/Platforms/MacOSX.platform/Developer/SDKs/MacOSX10.14.sdk"
            );
            SWIFT_VERSION = "4.2";
         };
         name = "Debug";
      };
      "OBJ_261" = {
         isa = "XCBuildConfiguration";
         buildSettings = {
            LD = "/usr/bin/true";
            OTHER_SWIFT_FLAGS = (
               "-swift-version",
               "4.2",
               "-I",
               "$(TOOLCHAIN_DIR)/usr/lib/swift/pm/4_2",
               "-target",
               "x86_64-apple-macosx10.10",
               "-sdk",
               "/Applications/Xcode.app/Contents/Developer/Platforms/MacOSX.platform/Developer/SDKs/MacOSX10.14.sdk"
            );
            SWIFT_VERSION = "4.2";
         };
         name = "Release";
      };
      "OBJ_262" = {
         isa = "PBXSourcesBuildPhase";
         files = (
            "OBJ_263"
         );
      };
      "OBJ_263" = {
         isa = "PBXBuildFile";
         fileRef = "OBJ_135";
      };
      "OBJ_265" = {
         isa = "XCConfigurationList";
         buildConfigurations = (
            "OBJ_266",
            "OBJ_267"
         );
         defaultConfigurationIsVisible = "0";
         defaultConfigurationName = "Release";
      };
      "OBJ_266" = {
         isa = "XCBuildConfiguration";
         buildSettings = {
            ENABLE_TESTABILITY = "YES";
            FRAMEWORK_SEARCH_PATHS = (
               "$(inherited)",
               "$(PLATFORM_DIR)/Developer/Library/Frameworks"
            );
            HEADER_SEARCH_PATHS = (
               "$(inherited)"
            );
            INFOPLIST_FILE = "storyboard2code.xcodeproj/StencilSwiftKit_Info.plist";
            LD_RUNPATH_SEARCH_PATHS = (
               "$(inherited)",
               "$(TOOLCHAIN_DIR)/usr/lib/swift/macosx"
            );
            OTHER_CFLAGS = (
               "$(inherited)"
            );
            OTHER_LDFLAGS = (
               "$(inherited)"
            );
            OTHER_SWIFT_FLAGS = (
               "$(inherited)"
            );
            PRODUCT_BUNDLE_IDENTIFIER = "StencilSwiftKit";
            PRODUCT_MODULE_NAME = "$(TARGET_NAME:c99extidentifier)";
            PRODUCT_NAME = "$(TARGET_NAME:c99extidentifier)";
            SKIP_INSTALL = "YES";
            SWIFT_ACTIVE_COMPILATION_CONDITIONS = (
               "$(inherited)"
            );
            SWIFT_VERSION = "4.2";
            TARGET_NAME = "StencilSwiftKit";
         };
         name = "Debug";
      };
      "OBJ_267" = {
         isa = "XCBuildConfiguration";
         buildSettings = {
            ENABLE_TESTABILITY = "YES";
            FRAMEWORK_SEARCH_PATHS = (
               "$(inherited)",
               "$(PLATFORM_DIR)/Developer/Library/Frameworks"
            );
            HEADER_SEARCH_PATHS = (
               "$(inherited)"
            );
            INFOPLIST_FILE = "storyboard2code.xcodeproj/StencilSwiftKit_Info.plist";
            LD_RUNPATH_SEARCH_PATHS = (
               "$(inherited)",
               "$(TOOLCHAIN_DIR)/usr/lib/swift/macosx"
            );
            OTHER_CFLAGS = (
               "$(inherited)"
            );
            OTHER_LDFLAGS = (
               "$(inherited)"
            );
            OTHER_SWIFT_FLAGS = (
               "$(inherited)"
            );
            PRODUCT_BUNDLE_IDENTIFIER = "StencilSwiftKit";
            PRODUCT_MODULE_NAME = "$(TARGET_NAME:c99extidentifier)";
            PRODUCT_NAME = "$(TARGET_NAME:c99extidentifier)";
            SKIP_INSTALL = "YES";
            SWIFT_ACTIVE_COMPILATION_CONDITIONS = (
               "$(inherited)"
            );
            SWIFT_VERSION = "4.2";
            TARGET_NAME = "StencilSwiftKit";
         };
         name = "Release";
      };
      "OBJ_268" = {
         isa = "PBXSourcesBuildPhase";
         files = (
            "OBJ_269",
            "OBJ_270",
            "OBJ_271",
            "OBJ_272",
            "OBJ_273",
            "OBJ_274",
            "OBJ_275",
            "OBJ_276",
            "OBJ_277",
            "OBJ_278",
            "OBJ_279"
         );
      };
      "OBJ_269" = {
         isa = "PBXBuildFile";
         fileRef = "OBJ_122";
      };
      "OBJ_27" = {
         isa = "PBXFileReference";
         path = "Image.swift";
         sourceTree = "<group>";
      };
      "OBJ_270" = {
         isa = "PBXBuildFile";
         fileRef = "OBJ_123";
      };
      "OBJ_271" = {
         isa = "PBXBuildFile";
         fileRef = "OBJ_124";
      };
      "OBJ_272" = {
         isa = "PBXBuildFile";
         fileRef = "OBJ_125";
      };
      "OBJ_273" = {
         isa = "PBXBuildFile";
         fileRef = "OBJ_126";
      };
      "OBJ_274" = {
         isa = "PBXBuildFile";
         fileRef = "OBJ_127";
      };
      "OBJ_275" = {
         isa = "PBXBuildFile";
         fileRef = "OBJ_128";
      };
      "OBJ_276" = {
         isa = "PBXBuildFile";
         fileRef = "OBJ_129";
      };
      "OBJ_277" = {
         isa = "PBXBuildFile";
         fileRef = "OBJ_130";
      };
      "OBJ_278" = {
         isa = "PBXBuildFile";
         fileRef = "OBJ_131";
      };
      "OBJ_279" = {
         isa = "PBXBuildFile";
         fileRef = "OBJ_132";
      };
      "OBJ_28" = {
         isa = "PBXGroup";
         children = (
            "OBJ_29",
            "OBJ_116",
            "OBJ_118"
         );
         name = "Scenes";
         path = "Scenes";
         sourceTree = "<group>";
      };
      "OBJ_280" = {
         isa = "PBXFrameworksBuildPhase";
         files = (
            "OBJ_281",
            "OBJ_282"
         );
      };
      "OBJ_281" = {
         isa = "PBXBuildFile";
         fileRef = "Stencil::Stencil::Product";
      };
      "OBJ_282" = {
         isa = "PBXBuildFile";
         fileRef = "PathKit::PathKit::Product";
      };
      "OBJ_283" = {
         isa = "PBXTargetDependency";
         target = "Stencil::Stencil";
      };
      "OBJ_284" = {
         isa = "PBXTargetDependency";
         target = "PathKit::PathKit";
      };
      "OBJ_286" = {
         isa = "XCConfigurationList";
         buildConfigurations = (
            "OBJ_287",
            "OBJ_288"
         );
         defaultConfigurationIsVisible = "0";
         defaultConfigurationName = "Release";
      };
      "OBJ_287" = {
         isa = "XCBuildConfiguration";
         buildSettings = {
            LD = "/usr/bin/true";
            OTHER_SWIFT_FLAGS = (
               "-swift-version",
               "4.2",
               "-I",
               "$(TOOLCHAIN_DIR)/usr/lib/swift/pm/4_2",
               "-target",
               "x86_64-apple-macosx10.10",
               "-sdk",
               "/Applications/Xcode.app/Contents/Developer/Platforms/MacOSX.platform/Developer/SDKs/MacOSX10.14.sdk"
            );
            SWIFT_VERSION = "4.2";
         };
         name = "Debug";
      };
      "OBJ_288" = {
         isa = "XCBuildConfiguration";
         buildSettings = {
            LD = "/usr/bin/true";
            OTHER_SWIFT_FLAGS = (
               "-swift-version",
               "4.2",
               "-I",
               "$(TOOLCHAIN_DIR)/usr/lib/swift/pm/4_2",
               "-target",
               "x86_64-apple-macosx10.10",
               "-sdk",
               "/Applications/Xcode.app/Contents/Developer/Platforms/MacOSX.platform/Developer/SDKs/MacOSX10.14.sdk"
            );
            SWIFT_VERSION = "4.2";
         };
         name = "Release";
      };
      "OBJ_289" = {
         isa = "PBXSourcesBuildPhase";
         files = (
            "OBJ_290"
         );
      };
      "OBJ_29" = {
         isa = "PBXGroup";
         children = (
            "OBJ_30",
            "OBJ_31",
            "OBJ_37",
            "OBJ_43",
            "OBJ_48",
            "OBJ_49",
            "OBJ_77",
            "OBJ_78",
            "OBJ_79",
            "OBJ_80",
            "OBJ_114",
            "OBJ_115"
         );
         name = "Controller";
         path = "Controller";
         sourceTree = "<group>";
      };
      "OBJ_290" = {
         isa = "PBXBuildFile";
         fileRef = "OBJ_133";
      };
      "OBJ_292" = {
         isa = "XCConfigurationList";
         buildConfigurations = (
            "OBJ_293",
            "OBJ_294"
         );
         defaultConfigurationIsVisible = "0";
         defaultConfigurationName = "Release";
      };
      "OBJ_293" = {
         isa = "XCBuildConfiguration";
         buildSettings = {
            ENABLE_TESTABILITY = "YES";
            FRAMEWORK_SEARCH_PATHS = (
               "$(inherited)",
               "$(PLATFORM_DIR)/Developer/Library/Frameworks"
            );
            HEADER_SEARCH_PATHS = (
               "$(inherited)"
            );
            INFOPLIST_FILE = "storyboard2code.xcodeproj/StoryboardModel_Info.plist";
            LD_RUNPATH_SEARCH_PATHS = (
               "$(inherited)",
               "$(TOOLCHAIN_DIR)/usr/lib/swift/macosx"
            );
            OTHER_CFLAGS = (
               "$(inherited)"
            );
            OTHER_LDFLAGS = (
               "$(inherited)"
            );
            OTHER_SWIFT_FLAGS = (
               "$(inherited)"
            );
            PRODUCT_BUNDLE_IDENTIFIER = "StoryboardModel";
            PRODUCT_MODULE_NAME = "$(TARGET_NAME:c99extidentifier)";
            PRODUCT_NAME = "$(TARGET_NAME:c99extidentifier)";
            SKIP_INSTALL = "YES";
            SWIFT_ACTIVE_COMPILATION_CONDITIONS = (
               "$(inherited)"
            );
            SWIFT_VERSION = "4.2";
            TARGET_NAME = "StoryboardModel";
         };
         name = "Debug";
      };
      "OBJ_294" = {
         isa = "XCBuildConfiguration";
         buildSettings = {
            ENABLE_TESTABILITY = "YES";
            FRAMEWORK_SEARCH_PATHS = (
               "$(inherited)",
               "$(PLATFORM_DIR)/Developer/Library/Frameworks"
            );
            HEADER_SEARCH_PATHS = (
               "$(inherited)"
            );
            INFOPLIST_FILE = "storyboard2code.xcodeproj/StoryboardModel_Info.plist";
            LD_RUNPATH_SEARCH_PATHS = (
               "$(inherited)",
               "$(TOOLCHAIN_DIR)/usr/lib/swift/macosx"
            );
            OTHER_CFLAGS = (
               "$(inherited)"
            );
            OTHER_LDFLAGS = (
               "$(inherited)"
            );
            OTHER_SWIFT_FLAGS = (
               "$(inherited)"
            );
            PRODUCT_BUNDLE_IDENTIFIER = "StoryboardModel";
            PRODUCT_MODULE_NAME = "$(TARGET_NAME:c99extidentifier)";
            PRODUCT_NAME = "$(TARGET_NAME:c99extidentifier)";
            SKIP_INSTALL = "YES";
            SWIFT_ACTIVE_COMPILATION_CONDITIONS = (
               "$(inherited)"
            );
            SWIFT_VERSION = "4.2";
            TARGET_NAME = "StoryboardModel";
         };
         name = "Release";
      };
      "OBJ_295" = {
         isa = "PBXSourcesBuildPhase";
         files = (
            "OBJ_296",
            "OBJ_297",
            "OBJ_298",
            "OBJ_299",
            "OBJ_300",
            "OBJ_301",
            "OBJ_302",
            "OBJ_303",
            "OBJ_304",
            "OBJ_305",
            "OBJ_306",
            "OBJ_307",
            "OBJ_308",
            "OBJ_309",
            "OBJ_310",
            "OBJ_311",
            "OBJ_312",
            "OBJ_313",
            "OBJ_314",
            "OBJ_315",
            "OBJ_316",
            "OBJ_317",
            "OBJ_318",
            "OBJ_319",
            "OBJ_320",
            "OBJ_321",
            "OBJ_322",
            "OBJ_323",
            "OBJ_324",
            "OBJ_325",
            "OBJ_326",
            "OBJ_327",
            "OBJ_328",
            "OBJ_329",
            "OBJ_330",
            "OBJ_331",
            "OBJ_332",
            "OBJ_333",
            "OBJ_334",
            "OBJ_335",
            "OBJ_336",
            "OBJ_337",
            "OBJ_338",
            "OBJ_339",
            "OBJ_340",
            "OBJ_341",
            "OBJ_342",
            "OBJ_343",
            "OBJ_344",
            "OBJ_345",
            "OBJ_346",
            "OBJ_347",
            "OBJ_348",
            "OBJ_349",
            "OBJ_350",
            "OBJ_351",
            "OBJ_352",
            "OBJ_353",
            "OBJ_354",
            "OBJ_355",
            "OBJ_356",
            "OBJ_357",
            "OBJ_358",
            "OBJ_359",
            "OBJ_360",
            "OBJ_361",
            "OBJ_362",
            "OBJ_363",
            "OBJ_364",
            "OBJ_365",
            "OBJ_366",
            "OBJ_367",
            "OBJ_368",
            "OBJ_369",
            "OBJ_370",
            "OBJ_371",
            "OBJ_372",
            "OBJ_373",
            "OBJ_374",
            "OBJ_375",
            "OBJ_376",
            "OBJ_377",
            "OBJ_378",
            "OBJ_379",
            "OBJ_380"
         );
      };
      "OBJ_296" = {
         isa = "PBXBuildFile";
         fileRef = "OBJ_25";
      };
      "OBJ_297" = {
         isa = "PBXBuildFile";
         fileRef = "OBJ_27";
      };
      "OBJ_298" = {
         isa = "PBXBuildFile";
         fileRef = "OBJ_30";
      };
      "OBJ_299" = {
         isa = "PBXBuildFile";
         fileRef = "OBJ_32";
      };
      "OBJ_3" = {
         isa = "XCBuildConfiguration";
         buildSettings = {
            CLANG_ENABLE_OBJC_ARC = "YES";
            COMBINE_HIDPI_IMAGES = "YES";
            COPY_PHASE_STRIP = "NO";
            DEBUG_INFORMATION_FORMAT = "dwarf";
            DYLIB_INSTALL_NAME_BASE = "@rpath";
            ENABLE_NS_ASSERTIONS = "YES";
            GCC_OPTIMIZATION_LEVEL = "0";
            GCC_PREPROCESSOR_DEFINITIONS = (
               "DEBUG=1",
               "$(inherited)"
            );
            MACOSX_DEPLOYMENT_TARGET = "10.10";
            ONLY_ACTIVE_ARCH = "YES";
            OTHER_SWIFT_FLAGS = (
               "-DXcode"
            );
            PRODUCT_NAME = "$(TARGET_NAME)";
            SDKROOT = "macosx";
            SUPPORTED_PLATFORMS = (
               "macosx",
               "iphoneos",
               "iphonesimulator",
               "appletvos",
               "appletvsimulator",
               "watchos",
               "watchsimulator"
            );
            SWIFT_ACTIVE_COMPILATION_CONDITIONS = (
               "SWIFT_PACKAGE",
               "DEBUG"
            );
            SWIFT_OPTIMIZATION_LEVEL = "-Onone";
            USE_HEADERMAP = "NO";
         };
         name = "Debug";
      };
      "OBJ_30" = {
         isa = "PBXFileReference";
         path = "CollectionViewController.swift";
         sourceTree = "<group>";
      };
      "OBJ_300" = {
         isa = "PBXBuildFile";
         fileRef = "OBJ_33";
      };
      "OBJ_301" = {
         isa = "PBXBuildFile";
         fileRef = "OBJ_34";
      };
      "OBJ_302" = {
         isa = "PBXBuildFile";
         fileRef = "OBJ_35";
      };
      "OBJ_303" = {
         isa = "PBXBuildFile";
         fileRef = "OBJ_36";
      };
      "OBJ_304" = {
         isa = "PBXBuildFile";
         fileRef = "OBJ_38";
      };
      "OBJ_305" = {
         isa = "PBXBuildFile";
         fileRef = "OBJ_39";
      };
      "OBJ_306" = {
         isa = "PBXBuildFile";
         fileRef = "OBJ_40";
      };
      "OBJ_307" = {
         isa = "PBXBuildFile";
         fileRef = "OBJ_41";
      };
      "OBJ_308" = {
         isa = "PBXBuildFile";
         fileRef = "OBJ_42";
      };
      "OBJ_309" = {
         isa = "PBXBuildFile";
         fileRef = "OBJ_44";
      };
      "OBJ_31" = {
         isa = "PBXGroup";
         children = (
            "OBJ_32",
            "OBJ_33",
            "OBJ_34",
            "OBJ_35",
            "OBJ_36"
         );
         name = "Connection";
         path = "Connection";
         sourceTree = "<group>";
      };
      "OBJ_310" = {
         isa = "PBXBuildFile";
         fileRef = "OBJ_45";
      };
      "OBJ_311" = {
         isa = "PBXBuildFile";
         fileRef = "OBJ_46";
      };
      "OBJ_312" = {
         isa = "PBXBuildFile";
         fileRef = "OBJ_47";
      };
      "OBJ_313" = {
         isa = "PBXBuildFile";
         fileRef = "OBJ_48";
      };
      "OBJ_314" = {
         isa = "PBXBuildFile";
         fileRef = "OBJ_50";
      };
      "OBJ_315" = {
         isa = "PBXBuildFile";
         fileRef = "OBJ_51";
      };
      "OBJ_316" = {
         isa = "PBXBuildFile";
         fileRef = "OBJ_52";
      };
      "OBJ_317" = {
         isa = "PBXBuildFile";
         fileRef = "OBJ_53";
      };
      "OBJ_318" = {
         isa = "PBXBuildFile";
         fileRef = "OBJ_54";
      };
      "OBJ_319" = {
         isa = "PBXBuildFile";
         fileRef = "OBJ_55";
      };
      "OBJ_32" = {
         isa = "PBXFileReference";
         path = "Action.swift";
         sourceTree = "<group>";
      };
      "OBJ_320" = {
         isa = "PBXBuildFile";
         fileRef = "OBJ_56";
      };
      "OBJ_321" = {
         isa = "PBXBuildFile";
         fileRef = "OBJ_57";
      };
      "OBJ_322" = {
         isa = "PBXBuildFile";
         fileRef = "OBJ_58";
      };
      "OBJ_323" = {
         isa = "PBXBuildFile";
         fileRef = "OBJ_59";
      };
      "OBJ_324" = {
         isa = "PBXBuildFile";
         fileRef = "OBJ_60";
      };
      "OBJ_325" = {
         isa = "PBXBuildFile";
         fileRef = "OBJ_61";
      };
      "OBJ_326" = {
         isa = "PBXBuildFile";
         fileRef = "OBJ_62";
      };
      "OBJ_327" = {
         isa = "PBXBuildFile";
         fileRef = "OBJ_63";
      };
      "OBJ_328" = {
         isa = "PBXBuildFile";
         fileRef = "OBJ_64";
      };
      "OBJ_329" = {
         isa = "PBXBuildFile";
         fileRef = "OBJ_65";
      };
      "OBJ_33" = {
         isa = "PBXFileReference";
         path = "Connection.swift";
         sourceTree = "<group>";
      };
      "OBJ_330" = {
         isa = "PBXBuildFile";
         fileRef = "OBJ_66";
      };
      "OBJ_331" = {
         isa = "PBXBuildFile";
         fileRef = "OBJ_67";
      };
      "OBJ_332" = {
         isa = "PBXBuildFile";
         fileRef = "OBJ_68";
      };
      "OBJ_333" = {
         isa = "PBXBuildFile";
         fileRef = "OBJ_69";
      };
      "OBJ_334" = {
         isa = "PBXBuildFile";
         fileRef = "OBJ_70";
      };
      "OBJ_335" = {
         isa = "PBXBuildFile";
         fileRef = "OBJ_71";
      };
      "OBJ_336" = {
         isa = "PBXBuildFile";
         fileRef = "OBJ_72";
      };
      "OBJ_337" = {
         isa = "PBXBuildFile";
         fileRef = "OBJ_73";
      };
      "OBJ_338" = {
         isa = "PBXBuildFile";
         fileRef = "OBJ_74";
      };
      "OBJ_339" = {
         isa = "PBXBuildFile";
         fileRef = "OBJ_75";
      };
      "OBJ_34" = {
         isa = "PBXFileReference";
         path = "Outlet.swift";
         sourceTree = "<group>";
      };
      "OBJ_340" = {
         isa = "PBXBuildFile";
         fileRef = "OBJ_76";
      };
      "OBJ_341" = {
         isa = "PBXBuildFile";
         fileRef = "OBJ_77";
      };
      "OBJ_342" = {
         isa = "PBXBuildFile";
         fileRef = "OBJ_78";
      };
      "OBJ_343" = {
         isa = "PBXBuildFile";
         fileRef = "OBJ_79";
      };
      "OBJ_344" = {
         isa = "PBXBuildFile";
         fileRef = "OBJ_81";
      };
      "OBJ_345" = {
         isa = "PBXBuildFile";
         fileRef = "OBJ_82";
      };
      "OBJ_346" = {
         isa = "PBXBuildFile";
         fileRef = "OBJ_83";
      };
      "OBJ_347" = {
         isa = "PBXBuildFile";
         fileRef = "OBJ_84";
      };
      "OBJ_348" = {
         isa = "PBXBuildFile";
         fileRef = "OBJ_85";
      };
      "OBJ_349" = {
         isa = "PBXBuildFile";
         fileRef = "OBJ_86";
      };
      "OBJ_35" = {
         isa = "PBXFileReference";
         path = "OutletCollection.swift";
         sourceTree = "<group>";
      };
      "OBJ_350" = {
         isa = "PBXBuildFile";
         fileRef = "OBJ_87";
      };
      "OBJ_351" = {
         isa = "PBXBuildFile";
         fileRef = "OBJ_88";
      };
      "OBJ_352" = {
         isa = "PBXBuildFile";
         fileRef = "OBJ_89";
      };
      "OBJ_353" = {
         isa = "PBXBuildFile";
         fileRef = "OBJ_90";
      };
      "OBJ_354" = {
         isa = "PBXBuildFile";
         fileRef = "OBJ_91";
      };
      "OBJ_355" = {
         isa = "PBXBuildFile";
         fileRef = "OBJ_92";
      };
      "OBJ_356" = {
         isa = "PBXBuildFile";
         fileRef = "OBJ_93";
      };
      "OBJ_357" = {
         isa = "PBXBuildFile";
         fileRef = "OBJ_94";
      };
      "OBJ_358" = {
         isa = "PBXBuildFile";
         fileRef = "OBJ_95";
      };
      "OBJ_359" = {
         isa = "PBXBuildFile";
         fileRef = "OBJ_96";
      };
      "OBJ_36" = {
         isa = "PBXFileReference";
         path = "Segue.swift";
         sourceTree = "<group>";
      };
      "OBJ_360" = {
         isa = "PBXBuildFile";
         fileRef = "OBJ_97";
      };
      "OBJ_361" = {
         isa = "PBXBuildFile";
         fileRef = "OBJ_98";
      };
      "OBJ_362" = {
         isa = "PBXBuildFile";
         fileRef = "OBJ_99";
      };
      "OBJ_363" = {
         isa = "PBXBuildFile";
         fileRef = "OBJ_100";
      };
      "OBJ_364" = {
         isa = "PBXBuildFile";
         fileRef = "OBJ_101";
      };
      "OBJ_365" = {
         isa = "PBXBuildFile";
         fileRef = "OBJ_102";
      };
      "OBJ_366" = {
         isa = "PBXBuildFile";
         fileRef = "OBJ_103";
      };
      "OBJ_367" = {
         isa = "PBXBuildFile";
         fileRef = "OBJ_104";
      };
      "OBJ_368" = {
         isa = "PBXBuildFile";
         fileRef = "OBJ_105";
      };
      "OBJ_369" = {
         isa = "PBXBuildFile";
         fileRef = "OBJ_106";
      };
      "OBJ_37" = {
         isa = "PBXGroup";
         children = (
            "OBJ_38",
            "OBJ_39",
            "OBJ_40",
            "OBJ_41",
            "OBJ_42"
         );
         name = "Item";
         path = "Item";
         sourceTree = "<group>";
      };
      "OBJ_370" = {
         isa = "PBXBuildFile";
         fileRef = "OBJ_107";
      };
      "OBJ_371" = {
         isa = "PBXBuildFile";
         fileRef = "OBJ_108";
      };
      "OBJ_372" = {
         isa = "PBXBuildFile";
         fileRef = "OBJ_109";
      };
      "OBJ_373" = {
         isa = "PBXBuildFile";
         fileRef = "OBJ_110";
      };
      "OBJ_374" = {
         isa = "PBXBuildFile";
         fileRef = "OBJ_111";
      };
      "OBJ_375" = {
         isa = "PBXBuildFile";
         fileRef = "OBJ_112";
      };
      "OBJ_376" = {
         isa = "PBXBuildFile";
         fileRef = "OBJ_113";
      };
      "OBJ_377" = {
         isa = "PBXBuildFile";
         fileRef = "OBJ_114";
      };
      "OBJ_378" = {
         isa = "PBXBuildFile";
         fileRef = "OBJ_115";
      };
      "OBJ_379" = {
         isa = "PBXBuildFile";
         fileRef = "OBJ_117";
      };
      "OBJ_38" = {
         isa = "PBXFileReference";
         path = "BarButtonItem.swift";
         sourceTree = "<group>";
      };
      "OBJ_380" = {
         isa = "PBXBuildFile";
         fileRef = "OBJ_118";
      };
      "OBJ_381" = {
         isa = "PBXFrameworksBuildPhase";
         files = (
         );
      };
      "OBJ_383" = {
         isa = "XCConfigurationList";
         buildConfigurations = (
            "OBJ_384",
            "OBJ_385"
         );
         defaultConfigurationIsVisible = "0";
         defaultConfigurationName = "Release";
      };
      "OBJ_384" = {
         isa = "XCBuildConfiguration";
         buildSettings = {
            LD = "/usr/bin/true";
            OTHER_SWIFT_FLAGS = (
               "-swift-version",
               "4.2",
               "-I",
               "$(TOOLCHAIN_DIR)/usr/lib/swift/pm/4_2",
               "-target",
               "x86_64-apple-macosx10.10",
               "-sdk",
               "/Applications/Xcode.app/Contents/Developer/Platforms/MacOSX.platform/Developer/SDKs/MacOSX10.14.sdk"
            );
            SWIFT_VERSION = "4.2";
         };
         name = "Debug";
      };
      "OBJ_385" = {
         isa = "XCBuildConfiguration";
         buildSettings = {
            LD = "/usr/bin/true";
            OTHER_SWIFT_FLAGS = (
               "-swift-version",
               "4.2",
               "-I",
               "$(TOOLCHAIN_DIR)/usr/lib/swift/pm/4_2",
               "-target",
               "x86_64-apple-macosx10.10",
               "-sdk",
               "/Applications/Xcode.app/Contents/Developer/Platforms/MacOSX.platform/Developer/SDKs/MacOSX10.14.sdk"
            );
            SWIFT_VERSION = "4.2";
         };
         name = "Release";
      };
      "OBJ_386" = {
         isa = "PBXSourcesBuildPhase";
         files = (
            "OBJ_387"
         );
      };
      "OBJ_387" = {
         isa = "PBXBuildFile";
         fileRef = "OBJ_119";
      };
      "OBJ_389" = {
         isa = "XCConfigurationList";
         buildConfigurations = (
            "OBJ_390",
            "OBJ_391"
         );
         defaultConfigurationIsVisible = "0";
         defaultConfigurationName = "Release";
      };
      "OBJ_39" = {
         isa = "PBXFileReference";
         path = "LeftBarButtonItems.swift";
         sourceTree = "<group>";
      };
      "OBJ_390" = {
         isa = "XCBuildConfiguration";
         buildSettings = {
            ENABLE_TESTABILITY = "YES";
            FRAMEWORK_SEARCH_PATHS = (
               "$(inherited)",
               "$(PLATFORM_DIR)/Developer/Library/Frameworks"
            );
            HEADER_SEARCH_PATHS = (
               "$(inherited)"
            );
            INFOPLIST_FILE = "storyboard2code.xcodeproj/XMLParsing_Info.plist";
            LD_RUNPATH_SEARCH_PATHS = (
               "$(inherited)",
               "$(TOOLCHAIN_DIR)/usr/lib/swift/macosx"
            );
            OTHER_CFLAGS = (
               "$(inherited)"
            );
            OTHER_LDFLAGS = (
               "$(inherited)"
            );
            OTHER_SWIFT_FLAGS = (
               "$(inherited)"
            );
            PRODUCT_BUNDLE_IDENTIFIER = "XMLParsing";
            PRODUCT_MODULE_NAME = "$(TARGET_NAME:c99extidentifier)";
            PRODUCT_NAME = "$(TARGET_NAME:c99extidentifier)";
            SKIP_INSTALL = "YES";
            SWIFT_ACTIVE_COMPILATION_CONDITIONS = (
               "$(inherited)"
            );
            SWIFT_VERSION = "4.0";
            TARGET_NAME = "XMLParsing";
         };
         name = "Debug";
      };
      "OBJ_391" = {
         isa = "XCBuildConfiguration";
         buildSettings = {
            ENABLE_TESTABILITY = "YES";
            FRAMEWORK_SEARCH_PATHS = (
               "$(inherited)",
               "$(PLATFORM_DIR)/Developer/Library/Frameworks"
            );
            HEADER_SEARCH_PATHS = (
               "$(inherited)"
            );
            INFOPLIST_FILE = "storyboard2code.xcodeproj/XMLParsing_Info.plist";
            LD_RUNPATH_SEARCH_PATHS = (
               "$(inherited)",
               "$(TOOLCHAIN_DIR)/usr/lib/swift/macosx"
            );
            OTHER_CFLAGS = (
               "$(inherited)"
            );
            OTHER_LDFLAGS = (
               "$(inherited)"
            );
            OTHER_SWIFT_FLAGS = (
               "$(inherited)"
            );
            PRODUCT_BUNDLE_IDENTIFIER = "XMLParsing";
            PRODUCT_MODULE_NAME = "$(TARGET_NAME:c99extidentifier)";
            PRODUCT_NAME = "$(TARGET_NAME:c99extidentifier)";
            SKIP_INSTALL = "YES";
            SWIFT_ACTIVE_COMPILATION_CONDITIONS = (
               "$(inherited)"
            );
            SWIFT_VERSION = "4.0";
            TARGET_NAME = "XMLParsing";
         };
         name = "Release";
      };
      "OBJ_392" = {
         isa = "PBXSourcesBuildPhase";
         files = (
            "OBJ_393",
            "OBJ_394",
            "OBJ_395",
            "OBJ_396",
            "OBJ_397",
            "OBJ_398",
            "OBJ_399",
            "OBJ_400",
            "OBJ_401",
            "OBJ_402",
            "OBJ_403",
            "OBJ_404"
         );
      };
      "OBJ_393" = {
         isa = "PBXBuildFile";
         fileRef = "OBJ_162";
      };
      "OBJ_394" = {
         isa = "PBXBuildFile";
         fileRef = "OBJ_163";
      };
      "OBJ_395" = {
         isa = "PBXBuildFile";
         fileRef = "OBJ_164";
      };
      "OBJ_396" = {
         isa = "PBXBuildFile";
         fileRef = "OBJ_165";
      };
      "OBJ_397" = {
         isa = "PBXBuildFile";
         fileRef = "OBJ_166";
      };
      "OBJ_398" = {
         isa = "PBXBuildFile";
         fileRef = "OBJ_168";
      };
      "OBJ_399" = {
         isa = "PBXBuildFile";
         fileRef = "OBJ_169";
      };
      "OBJ_4" = {
         isa = "XCBuildConfiguration";
         buildSettings = {
            CLANG_ENABLE_OBJC_ARC = "YES";
            COMBINE_HIDPI_IMAGES = "YES";
            COPY_PHASE_STRIP = "YES";
            DEBUG_INFORMATION_FORMAT = "dwarf-with-dsym";
            DYLIB_INSTALL_NAME_BASE = "@rpath";
            GCC_OPTIMIZATION_LEVEL = "s";
            MACOSX_DEPLOYMENT_TARGET = "10.10";
            OTHER_SWIFT_FLAGS = (
               "-DXcode"
            );
            PRODUCT_NAME = "$(TARGET_NAME)";
            SDKROOT = "macosx";
            SUPPORTED_PLATFORMS = (
               "macosx",
               "iphoneos",
               "iphonesimulator",
               "appletvos",
               "appletvsimulator",
               "watchos",
               "watchsimulator"
            );
            SWIFT_ACTIVE_COMPILATION_CONDITIONS = (
               "SWIFT_PACKAGE"
            );
            SWIFT_OPTIMIZATION_LEVEL = "-Owholemodule";
            USE_HEADERMAP = "NO";
         };
         name = "Release";
      };
      "OBJ_40" = {
         isa = "PBXFileReference";
         path = "NavigationItem.swift";
         sourceTree = "<group>";
      };
      "OBJ_400" = {
         isa = "PBXBuildFile";
         fileRef = "OBJ_170";
      };
      "OBJ_401" = {
         isa = "PBXBuildFile";
         fileRef = "OBJ_171";
      };
      "OBJ_402" = {
         isa = "PBXBuildFile";
         fileRef = "OBJ_172";
      };
      "OBJ_403" = {
         isa = "PBXBuildFile";
         fileRef = "OBJ_173";
      };
      "OBJ_404" = {
         isa = "PBXBuildFile";
         fileRef = "OBJ_174";
      };
      "OBJ_405" = {
         isa = "PBXFrameworksBuildPhase";
         files = (
         );
      };
      "OBJ_407" = {
         isa = "XCConfigurationList";
         buildConfigurations = (
            "OBJ_408",
            "OBJ_409"
         );
         defaultConfigurationIsVisible = "0";
         defaultConfigurationName = "Release";
      };
      "OBJ_408" = {
         isa = "XCBuildConfiguration";
         buildSettings = {
            LD = "/usr/bin/true";
            OTHER_SWIFT_FLAGS = (
               "-swift-version",
               "4",
               "-I",
               "$(TOOLCHAIN_DIR)/usr/lib/swift/pm/4",
               "-target",
               "x86_64-apple-macosx10.10",
               "-sdk",
               "/Applications/Xcode.app/Contents/Developer/Platforms/MacOSX.platform/Developer/SDKs/MacOSX10.14.sdk"
            );
            SWIFT_VERSION = "4.0";
         };
         name = "Debug";
      };
      "OBJ_409" = {
         isa = "XCBuildConfiguration";
         buildSettings = {
            LD = "/usr/bin/true";
            OTHER_SWIFT_FLAGS = (
               "-swift-version",
               "4",
               "-I",
               "$(TOOLCHAIN_DIR)/usr/lib/swift/pm/4",
               "-target",
               "x86_64-apple-macosx10.10",
               "-sdk",
               "/Applications/Xcode.app/Contents/Developer/Platforms/MacOSX.platform/Developer/SDKs/MacOSX10.14.sdk"
            );
            SWIFT_VERSION = "4.0";
         };
         name = "Release";
      };
      "OBJ_41" = {
         isa = "PBXFileReference";
         path = "RightBarButtonItems.swift";
         sourceTree = "<group>";
      };
      "OBJ_410" = {
         isa = "PBXSourcesBuildPhase";
         files = (
            "OBJ_411"
         );
      };
      "OBJ_411" = {
         isa = "PBXBuildFile";
         fileRef = "OBJ_175";
      };
      "OBJ_413" = {
         isa = "XCConfigurationList";
         buildConfigurations = (
            "OBJ_414",
            "OBJ_415"
         );
         defaultConfigurationIsVisible = "0";
         defaultConfigurationName = "Release";
      };
      "OBJ_414" = {
         isa = "XCBuildConfiguration";
         buildSettings = {
            FRAMEWORK_SEARCH_PATHS = (
               "$(inherited)",
               "$(PLATFORM_DIR)/Developer/Library/Frameworks"
            );
            HEADER_SEARCH_PATHS = (
               "$(inherited)"
            );
            INFOPLIST_FILE = "storyboard2code.xcodeproj/storyboard2code_Info.plist";
            LD_RUNPATH_SEARCH_PATHS = (
               "$(inherited)",
               "$(TOOLCHAIN_DIR)/usr/lib/swift/macosx",
               "@executable_path"
            );
            OTHER_CFLAGS = (
               "$(inherited)"
            );
            OTHER_LDFLAGS = (
               "$(inherited)"
            );
            OTHER_SWIFT_FLAGS = (
               "$(inherited)"
            );
            SWIFT_ACTIVE_COMPILATION_CONDITIONS = (
               "$(inherited)"
            );
            SWIFT_FORCE_DYNAMIC_LINK_STDLIB = "YES";
            SWIFT_FORCE_STATIC_LINK_STDLIB = "NO";
            SWIFT_VERSION = "4.0";
            TARGET_NAME = "storyboard2code";
         };
         name = "Debug";
      };
      "OBJ_415" = {
         isa = "XCBuildConfiguration";
         buildSettings = {
            FRAMEWORK_SEARCH_PATHS = (
               "$(inherited)",
               "$(PLATFORM_DIR)/Developer/Library/Frameworks"
            );
            HEADER_SEARCH_PATHS = (
               "$(inherited)"
            );
            INFOPLIST_FILE = "storyboard2code.xcodeproj/storyboard2code_Info.plist";
            LD_RUNPATH_SEARCH_PATHS = (
               "$(inherited)",
               "$(TOOLCHAIN_DIR)/usr/lib/swift/macosx",
               "@executable_path"
            );
            OTHER_CFLAGS = (
               "$(inherited)"
            );
            OTHER_LDFLAGS = (
               "$(inherited)"
            );
            OTHER_SWIFT_FLAGS = (
               "$(inherited)"
            );
            SWIFT_ACTIVE_COMPILATION_CONDITIONS = (
               "$(inherited)"
            );
            SWIFT_FORCE_DYNAMIC_LINK_STDLIB = "YES";
            SWIFT_FORCE_STATIC_LINK_STDLIB = "NO";
            SWIFT_VERSION = "4.0";
            TARGET_NAME = "storyboard2code";
         };
         name = "Release";
      };
      "OBJ_416" = {
         isa = "PBXSourcesBuildPhase";
         files = (
            "OBJ_417",
            "OBJ_418",
            "OBJ_419",
            "OBJ_420",
            "OBJ_421",
            "OBJ_422",
            "OBJ_423",
            "OBJ_424",
            "OBJ_425"
         );
      };
      "OBJ_417" = {
         isa = "PBXBuildFile";
         fileRef = "OBJ_10";
      };
      "OBJ_418" = {
         isa = "PBXBuildFile";
         fileRef = "OBJ_11";
      };
      "OBJ_419" = {
         isa = "PBXBuildFile";
         fileRef = "OBJ_12";
      };
      "OBJ_42" = {
         isa = "PBXFileReference";
         path = "TabBarItem.swift";
         sourceTree = "<group>";
      };
      "OBJ_420" = {
         isa = "PBXBuildFile";
         fileRef = "OBJ_13";
      };
      "OBJ_421" = {
         isa = "PBXBuildFile";
         fileRef = "OBJ_14";
      };
      "OBJ_422" = {
         isa = "PBXBuildFile";
         fileRef = "OBJ_16";
      };
      "OBJ_423" = {
         isa = "PBXBuildFile";
         fileRef = "OBJ_17";
      };
      "OBJ_424" = {
         isa = "PBXBuildFile";
         fileRef = "OBJ_18";
      };
      "OBJ_425" = {
         isa = "PBXBuildFile";
         fileRef = "OBJ_19";
      };
      "OBJ_426" = {
         isa = "PBXFrameworksBuildPhase";
         files = (
            "OBJ_427",
            "OBJ_428",
            "OBJ_429",
            "OBJ_430",
            "OBJ_431",
            "OBJ_432"
         );
      };
      "OBJ_427" = {
         isa = "PBXBuildFile";
         fileRef = "StoryboardModel::StoryboardModel::Product";
      };
      "OBJ_428" = {
         isa = "PBXBuildFile";
         fileRef = "StencilSwiftKit::StencilSwiftKit::Product";
      };
      "OBJ_429" = {
         isa = "PBXBuildFile";
         fileRef = "Stencil::Stencil::Product";
      };
      "OBJ_43" = {
         isa = "PBXGroup";
         children = (
            "OBJ_44",
            "OBJ_45",
            "OBJ_46",
            "OBJ_47"
         );
         name = "Layout";
         path = "Layout";
         sourceTree = "<group>";
      };
      "OBJ_430" = {
         isa = "PBXBuildFile";
         fileRef = "PathKit::PathKit::Product";
      };
      "OBJ_431" = {
         isa = "PBXBuildFile";
         fileRef = "XMLParsing::XMLParsing::Product";
      };
      "OBJ_432" = {
         isa = "PBXBuildFile";
         fileRef = "Commander::Commander::Product";
      };
      "OBJ_433" = {
         isa = "PBXTargetDependency";
         target = "StoryboardModel::StoryboardModel";
      };
      "OBJ_434" = {
         isa = "PBXTargetDependency";
         target = "StencilSwiftKit::StencilSwiftKit";
      };
      "OBJ_435" = {
         isa = "PBXTargetDependency";
         target = "Stencil::Stencil";
      };
      "OBJ_436" = {
         isa = "PBXTargetDependency";
         target = "PathKit::PathKit";
      };
      "OBJ_437" = {
         isa = "PBXTargetDependency";
         target = "XMLParsing::XMLParsing";
      };
      "OBJ_438" = {
         isa = "PBXTargetDependency";
         target = "Commander::Commander";
      };
      "OBJ_44" = {
         isa = "PBXFileReference";
         path = "AutoresizingMask.swift";
         sourceTree = "<group>";
      };
      "OBJ_440" = {
         isa = "XCConfigurationList";
         buildConfigurations = (
            "OBJ_441",
            "OBJ_442"
         );
         defaultConfigurationIsVisible = "0";
         defaultConfigurationName = "Release";
      };
      "OBJ_441" = {
         isa = "XCBuildConfiguration";
         buildSettings = {
            LD = "/usr/bin/true";
            OTHER_SWIFT_FLAGS = (
               "-swift-version",
               "4",
               "-I",
               "$(TOOLCHAIN_DIR)/usr/lib/swift/pm/4",
               "-target",
               "x86_64-apple-macosx10.10",
               "-sdk",
               "/Applications/Xcode.app/Contents/Developer/Platforms/MacOSX.platform/Developer/SDKs/MacOSX10.14.sdk"
            );
            SWIFT_VERSION = "4.0";
         };
         name = "Debug";
      };
      "OBJ_442" = {
         isa = "XCBuildConfiguration";
         buildSettings = {
            LD = "/usr/bin/true";
            OTHER_SWIFT_FLAGS = (
               "-swift-version",
               "4",
               "-I",
               "$(TOOLCHAIN_DIR)/usr/lib/swift/pm/4",
               "-target",
               "x86_64-apple-macosx10.10",
               "-sdk",
               "/Applications/Xcode.app/Contents/Developer/Platforms/MacOSX.platform/Developer/SDKs/MacOSX10.14.sdk"
            );
            SWIFT_VERSION = "4.0";
         };
         name = "Release";
      };
      "OBJ_443" = {
         isa = "PBXSourcesBuildPhase";
         files = (
            "OBJ_444"
         );
      };
      "OBJ_444" = {
         isa = "PBXBuildFile";
         fileRef = "OBJ_6";
      };
      "OBJ_45" = {
         isa = "PBXFileReference";
         path = "Constraint.swift";
         sourceTree = "<group>";
      };
      "OBJ_46" = {
         isa = "PBXFileReference";
         path = "Rect.swift";
         sourceTree = "<group>";
      };
      "OBJ_47" = {
         isa = "PBXFileReference";
         path = "ViewLayoutGuide.swift";
         sourceTree = "<group>";
      };
      "OBJ_48" = {
         isa = "PBXFileReference";
         path = "NavigationController.swift";
         sourceTree = "<group>";
      };
      "OBJ_49" = {
         isa = "PBXGroup";
         children = (
            "OBJ_50",
            "OBJ_51",
            "OBJ_52",
            "OBJ_53",
            "OBJ_54",
            "OBJ_55",
            "OBJ_56",
            "OBJ_57",
            "OBJ_58",
            "OBJ_59",
            "OBJ_60",
            "OBJ_61",
            "OBJ_62",
            "OBJ_63",
            "OBJ_64",
            "OBJ_65",
            "OBJ_66",
            "OBJ_67",
            "OBJ_68",
            "OBJ_69",
            "OBJ_70",
            "OBJ_71",
            "OBJ_72",
            "OBJ_73",
            "OBJ_74",
            "OBJ_75",
            "OBJ_76"
         );
         name = "Property";
         path = "Property";
         sourceTree = "<group>";
      };
      "OBJ_5" = {
         isa = "PBXGroup";
         children = (
            "OBJ_6",
            "OBJ_7",
            "OBJ_20",
            "OBJ_21",
            "OBJ_22",
            "OBJ_188"
         );
         path = "";
         sourceTree = "<group>";
      };
      "OBJ_50" = {
         isa = "PBXFileReference";
         path = "AttributedString.swift";
         sourceTree = "<group>";
      };
      "OBJ_51" = {
         isa = "PBXFileReference";
         path = "Attributes.swift";
         sourceTree = "<group>";
      };
      "OBJ_52" = {
         isa = "PBXFileReference";
         path = "AudiovisualMediaTypes.swift";
         sourceTree = "<group>";
      };
      "OBJ_53" = {
         isa = "PBXFileReference";
         path = "BlurEffect.swift";
         sourceTree = "<group>";
      };
      "OBJ_54" = {
         isa = "PBXFileReference";
         path = "CollectionViewFlowLayout.swift";
         sourceTree = "<group>";
      };
      "OBJ_55" = {
         isa = "PBXFileReference";
         path = "Color.swift";
         sourceTree = "<group>";
      };
      "OBJ_56" = {
         isa = "PBXFileReference";
         path = "DataDetectorType.swift";
         sourceTree = "<group>";
      };
      "OBJ_57" = {
         isa = "PBXFileReference";
         path = "DataDetectorTypes.swift";
         sourceTree = "<group>";
      };
      "OBJ_58" = {
         isa = "PBXFileReference";
         path = "Date.swift";
         sourceTree = "<group>";
      };
      "OBJ_59" = {
         isa = "PBXFileReference";
         path = "ExtendedEdge.swift";
         sourceTree = "<group>";
      };
      "OBJ_6" = {
         isa = "PBXFileReference";
         explicitFileType = "sourcecode.swift";
         path = "Package.swift";
         sourceTree = "<group>";
      };
      "OBJ_60" = {
         isa = "PBXFileReference";
         path = "Font.swift";
         sourceTree = "<group>";
      };
      "OBJ_61" = {
         isa = "PBXFileReference";
         path = "FontDescription.swift";
         sourceTree = "<group>";
      };
      "OBJ_62" = {
         isa = "PBXFileReference";
         path = "Fragment.swift";
         sourceTree = "<group>";
      };
      "OBJ_63" = {
         isa = "PBXFileReference";
         path = "Inset.swift";
         sourceTree = "<group>";
      };
      "OBJ_64" = {
         isa = "PBXFileReference";
         path = "Locale.swift";
         sourceTree = "<group>";
      };
      "OBJ_65" = {
         isa = "PBXFileReference";
         path = "OffsetWrapper.swift";
         sourceTree = "<group>";
      };
      "OBJ_66" = {
         isa = "PBXFileReference";
         path = "ParagraphStyle.swift";
         sourceTree = "<group>";
      };
      "OBJ_67" = {
         isa = "PBXFileReference";
         path = "ScopeButtonTitles.swift";
         sourceTree = "<group>";
      };
      "OBJ_68" = {
         isa = "PBXFileReference";
         path = "Segment.swift";
         sourceTree = "<group>";
      };
      "OBJ_69" = {
         isa = "PBXFileReference";
         path = "Size.swift";
         sourceTree = "<group>";
      };
      "OBJ_7" = {
         isa = "PBXGroup";
         children = (
            "OBJ_8"
         );
         name = "Sources";
         path = "";
         sourceTree = "SOURCE_ROOT";
      };
      "OBJ_70" = {
         isa = "PBXFileReference";
         path = "State.swift";
         sourceTree = "<group>";
      };
      "OBJ_71" = {
         isa = "PBXFileReference";
         path = "TextAttributes.swift";
         sourceTree = "<group>";
      };
      "OBJ_72" = {
         isa = "PBXFileReference";
         path = "TextInputTraits.swift";
         sourceTree = "<group>";
      };
      "OBJ_73" = {
         isa = "PBXFileReference";
         path = "Variation.swift";
         sourceTree = "<group>";
      };
      "OBJ_74" = {
         isa = "PBXFileReference";
         path = "VibrancyEffect.swift";
         sourceTree = "<group>";
      };
      "OBJ_75" = {
         isa = "PBXFileReference";
         path = "WkPreferences.swift";
         sourceTree = "<group>";
      };
      "OBJ_76" = {
         isa = "PBXFileReference";
         path = "WkWebViewConfiguration.swift";
         sourceTree = "<group>";
      };
      "OBJ_77" = {
         isa = "PBXFileReference";
         path = "SplitViewController.swift";
         sourceTree = "<group>";
      };
      "OBJ_78" = {
         isa = "PBXFileReference";
         path = "TabBarController.swift";
         sourceTree = "<group>";
      };
      "OBJ_79" = {
         isa = "PBXFileReference";
         path = "TableViewController.swift";
         sourceTree = "<group>";
      };
      "OBJ_8" = {
         isa = "PBXGroup";
         children = (
            "OBJ_9",
            "OBJ_15",
            "OBJ_19"
         );
         name = "storyboard2code";
         path = "Sources/storyboard2code";
         sourceTree = "SOURCE_ROOT";
      };
      "OBJ_80" = {
         isa = "PBXGroup";
         children = (
            "OBJ_81",
            "OBJ_82",
            "OBJ_83",
            "OBJ_84",
            "OBJ_85",
            "OBJ_86",
            "OBJ_87",
            "OBJ_88",
            "OBJ_89",
            "OBJ_90",
            "OBJ_91",
            "OBJ_92",
            "OBJ_93",
            "OBJ_94",
            "OBJ_95",
            "OBJ_96",
            "OBJ_97",
            "OBJ_98",
            "OBJ_99",
            "OBJ_100",
            "OBJ_101",
            "OBJ_102",
            "OBJ_103",
            "OBJ_104",
            "OBJ_105",
            "OBJ_106",
            "OBJ_107",
            "OBJ_108",
            "OBJ_109",
            "OBJ_110",
            "OBJ_111",
            "OBJ_112",
            "OBJ_113"
         );
         name = "View";
         path = "View";
         sourceTree = "<group>";
      };
      "OBJ_81" = {
         isa = "PBXFileReference";
         path = "ActivityIndicatorView.swift";
         sourceTree = "<group>";
      };
      "OBJ_82" = {
         isa = "PBXFileReference";
         path = "Button.swift";
         sourceTree = "<group>";
      };
      "OBJ_83" = {
         isa = "PBXFileReference";
         path = "CollectionReusableView.swift";
         sourceTree = "<group>";
      };
      "OBJ_84" = {
         isa = "PBXFileReference";
         path = "CollectionView.swift";
         sourceTree = "<group>";
      };
      "OBJ_85" = {
         isa = "PBXFileReference";
         path = "CollectionViewCell.swift";
         sourceTree = "<group>";
      };
      "OBJ_86" = {
         isa = "PBXFileReference";
         path = "ContainerView.swift";
         sourceTree = "<group>";
      };
      "OBJ_87" = {
         isa = "PBXFileReference";
         path = "DatePicker.swift";
         sourceTree = "<group>";
      };
      "OBJ_88" = {
         isa = "PBXFileReference";
         path = "ImageView.swift";
         sourceTree = "<group>";
      };
      "OBJ_89" = {
         isa = "PBXFileReference";
         path = "Label.swift";
         sourceTree = "<group>";
      };
      "OBJ_9" = {
         isa = "PBXGroup";
         children = (
            "OBJ_10",
            "OBJ_11",
            "OBJ_12",
            "OBJ_13",
            "OBJ_14"
         );
         name = "Generator";
         path = "Generator";
         sourceTree = "<group>";
      };
      "OBJ_90" = {
         isa = "PBXFileReference";
         path = "MapView.swift";
         sourceTree = "<group>";
      };
      "OBJ_91" = {
         isa = "PBXFileReference";
         path = "NavigationBar.swift";
         sourceTree = "<group>";
      };
      "OBJ_92" = {
         isa = "PBXFileReference";
         path = "PageControl.swift";
         sourceTree = "<group>";
      };
      "OBJ_93" = {
         isa = "PBXFileReference";
         path = "PickerView.swift";
         sourceTree = "<group>";
      };
      "OBJ_94" = {
         isa = "PBXFileReference";
         path = "ProgressView.swift";
         sourceTree = "<group>";
      };
      "OBJ_95" = {
         isa = "PBXFileReference";
         path = "RefreshControl.swift";
         sourceTree = "<group>";
      };
      "OBJ_96" = {
         isa = "PBXFileReference";
         path = "ScrollView.swift";
         sourceTree = "<group>";
      };
      "OBJ_97" = {
         isa = "PBXFileReference";
         path = "SearchBar.swift";
         sourceTree = "<group>";
      };
      "OBJ_98" = {
         isa = "PBXFileReference";
         path = "SegmentedControl.swift";
         sourceTree = "<group>";
      };
      "OBJ_99" = {
         isa = "PBXFileReference";
         path = "Slider.swift";
         sourceTree = "<group>";
      };
      "PathKit::PathKit" = {
         isa = "PBXNativeTarget";
         buildConfigurationList = "OBJ_218";
         buildPhases = (
            "OBJ_221",
            "OBJ_223"
         );
         dependencies = (
         );
         name = "PathKit";
         productName = "PathKit";
         productReference = "PathKit::PathKit::Product";
         productType = "com.apple.product-type.framework";
      };
      "PathKit::PathKit::Product" = {
         isa = "PBXFileReference";
         path = "PathKit.framework";
         sourceTree = "BUILT_PRODUCTS_DIR";
      };
      "PathKit::SwiftPMPackageDescription" = {
         isa = "PBXNativeTarget";
         buildConfigurationList = "OBJ_225";
         buildPhases = (
            "OBJ_228"
         );
         dependencies = (
         );
         name = "PathKitPackageDescription";
         productName = "PathKitPackageDescription";
         productType = "com.apple.product-type.framework";
      };
      "Stencil::Stencil" = {
         isa = "PBXNativeTarget";
         buildConfigurationList = "OBJ_231";
         buildPhases = (
            "OBJ_234",
            "OBJ_255"
         );
         dependencies = (
            "OBJ_257"
         );
         name = "Stencil";
         productName = "Stencil";
         productReference = "Stencil::Stencil::Product";
         productType = "com.apple.product-type.framework";
      };
      "Stencil::Stencil::Product" = {
         isa = "PBXFileReference";
         path = "Stencil.framework";
         sourceTree = "BUILT_PRODUCTS_DIR";
      };
      "Stencil::SwiftPMPackageDescription" = {
         isa = "PBXNativeTarget";
         buildConfigurationList = "OBJ_259";
         buildPhases = (
            "OBJ_262"
         );
         dependencies = (
         );
         name = "StencilPackageDescription";
         productName = "StencilPackageDescription";
         productType = "com.apple.product-type.framework";
      };
      "StencilSwiftKit::StencilSwiftKit" = {
         isa = "PBXNativeTarget";
         buildConfigurationList = "OBJ_265";
         buildPhases = (
            "OBJ_268",
            "OBJ_280"
         );
         dependencies = (
            "OBJ_283",
            "OBJ_284"
         );
         name = "StencilSwiftKit";
         productName = "StencilSwiftKit";
         productReference = "StencilSwiftKit::StencilSwiftKit::Product";
         productType = "com.apple.product-type.framework";
      };
      "StencilSwiftKit::StencilSwiftKit::Product" = {
         isa = "PBXFileReference";
         path = "StencilSwiftKit.framework";
         sourceTree = "BUILT_PRODUCTS_DIR";
      };
      "StencilSwiftKit::SwiftPMPackageDescription" = {
         isa = "PBXNativeTarget";
         buildConfigurationList = "OBJ_286";
         buildPhases = (
            "OBJ_289"
         );
         dependencies = (
         );
         name = "StencilSwiftKitPackageDescription";
         productName = "StencilSwiftKitPackageDescription";
         productType = "com.apple.product-type.framework";
      };
      "StoryboardModel::StoryboardModel" = {
         isa = "PBXNativeTarget";
         buildConfigurationList = "OBJ_292";
         buildPhases = (
            "OBJ_295",
            "OBJ_381"
         );
         dependencies = (
         );
         name = "StoryboardModel";
         productName = "StoryboardModel";
         productReference = "StoryboardModel::StoryboardModel::Product";
         productType = "com.apple.product-type.framework";
      };
      "StoryboardModel::StoryboardModel::Product" = {
         isa = "PBXFileReference";
         path = "StoryboardModel.framework";
         sourceTree = "BUILT_PRODUCTS_DIR";
      };
      "StoryboardModel::SwiftPMPackageDescription" = {
         isa = "PBXNativeTarget";
         buildConfigurationList = "OBJ_383";
         buildPhases = (
            "OBJ_386"
         );
         dependencies = (
         );
         name = "StoryboardModelPackageDescription";
         productName = "StoryboardModelPackageDescription";
         productType = "com.apple.product-type.framework";
      };
      "XMLParsing::SwiftPMPackageDescription" = {
         isa = "PBXNativeTarget";
         buildConfigurationList = "OBJ_407";
         buildPhases = (
            "OBJ_410"
         );
         dependencies = (
         );
         name = "XMLParsingPackageDescription";
         productName = "XMLParsingPackageDescription";
         productType = "com.apple.product-type.framework";
      };
      "XMLParsing::XMLParsing" = {
         isa = "PBXNativeTarget";
         buildConfigurationList = "OBJ_389";
         buildPhases = (
            "OBJ_392",
            "OBJ_405"
         );
         dependencies = (
         );
         name = "XMLParsing";
         productName = "XMLParsing";
         productReference = "XMLParsing::XMLParsing::Product";
         productType = "com.apple.product-type.framework";
      };
      "XMLParsing::XMLParsing::Product" = {
         isa = "PBXFileReference";
         path = "XMLParsing.framework";
         sourceTree = "BUILT_PRODUCTS_DIR";
      };
      "storyboard2code::SwiftPMPackageDescription" = {
         isa = "PBXNativeTarget";
         buildConfigurationList = "OBJ_440";
         buildPhases = (
            "OBJ_443"
         );
         dependencies = (
         );
         name = "storyboard2codePackageDescription";
         productName = "storyboard2codePackageDescription";
         productType = "com.apple.product-type.framework";
      };
      "storyboard2code::storyboard2code" = {
         isa = "PBXNativeTarget";
         buildConfigurationList = "OBJ_413";
         buildPhases = (
            "OBJ_416",
            "OBJ_426"
         );
         dependencies = (
            "OBJ_433",
            "OBJ_434",
            "OBJ_435",
            "OBJ_436",
            "OBJ_437",
            "OBJ_438"
         );
         name = "storyboard2code";
         productName = "storyboard2code";
         productReference = "storyboard2code::storyboard2code::Product";
         productType = "com.apple.product-type.tool";
      };
      "storyboard2code::storyboard2code::Product" = {
         isa = "PBXFileReference";
         path = "storyboard2code";
         sourceTree = "BUILT_PRODUCTS_DIR";
      };
   };
   rootObject = "OBJ_1";
}
